
Microsoft Visual Studio Solution File, Format Version 12.00
Project("{FAE04EC0-301F-11D3-BF4B-00C04F79EFBC}") = "Úkol03", "IS-Programy\Úkol03\Úkol03.csproj", "{998D51FB-2371-483D-B9E3-155DCF366807}"
EndProject
Project("{FAE04EC0-301F-11D3-BF4B-00C04F79EFBC}") = "Úkol04a", "IS-Programy\Úkol04a\Úkol04a.csproj", "{576E8C1F-9E0A-4C13-83C3-4CB6A06508BB}"
EndProject
Project("{FAE04EC0-301F-11D3-BF4B-00C04F79EFBC}") = "Úkol04b", "IS-Programy\Úkol04b\Úkol04b.csproj", "{0D46FB64-D0EB-44AE-A6EE-5C1FB714B181}"
EndProject
Project("{FAE04EC0-301F-11D3-BF4B-00C04F79EFBC}") = "Úkol05", "IS-Programy\Úkol05\Úkol05.csproj", "{C17347C3-6C26-49A8-ACF6-4916D982F369}"
EndProject
Project("{FAE04EC0-301F-11D3-BF4B-00C04F79EFBC}") = "program002a-soucet-cifer", "IS-Programy\program002a-soucet-cifer\program002a-soucet-cifer.csproj", "{0AAEAE21-8025-461C-BEC3-9A88534F5EAF}"
EndProject
Project("{FAE04EC0-301F-11D3-BF4B-00C04F79EFBC}") = "Základní kod", "Základní kod\Základní kod.csproj", "{61A207BF-91B7-48AE-AEFE-733B07D69E22}"
EndProject
Project("{FAE04EC0-301F-11D3-BF4B-00C04F79EFBC}") = "program003a-serazeni-dvou-cisel", "IS-Programy\program003a-serazeni-dvou-cisel\program003a-serazeni-dvou-cisel.csproj", "{A2DD5C7A-3A40-4114-9442-7B6FD2553FF2}"
EndProject
Project("{FAE04EC0-301F-11D3-BF4B-00C04F79EFBC}") = "program003b-nejvetsi-ze-tri-cisel", "program003b-nejvetsi-ze-tri-cisel\program003b-nejvetsi-ze-tri-cisel.csproj", "{D715DE1E-3766-4987-B7D2-BA6014ADAEB2}"
EndProject
Global
	GlobalSection(SolutionConfigurationPlatforms) = preSolution
		Debug|Any CPU = Debug|Any CPU
		Release|Any CPU = Release|Any CPU
	EndGlobalSection
	GlobalSection(ProjectConfigurationPlatforms) = postSolution
		{998D51FB-2371-483D-B9E3-155DCF366807}.Debug|Any CPU.ActiveCfg = Debug|Any CPU
		{998D51FB-2371-483D-B9E3-155DCF366807}.Debug|Any CPU.Build.0 = Debug|Any CPU
		{998D51FB-2371-483D-B9E3-155DCF366807}.Release|Any CPU.ActiveCfg = Release|Any CPU
		{998D51FB-2371-483D-B9E3-155DCF366807}.Release|Any CPU.Build.0 = Release|Any CPU
		{576E8C1F-9E0A-4C13-83C3-4CB6A06508BB}.Debug|Any CPU.ActiveCfg = Debug|Any CPU
		{576E8C1F-9E0A-4C13-83C3-4CB6A06508BB}.Debug|Any CPU.Build.0 = Debug|Any CPU
		{576E8C1F-9E0A-4C13-83C3-4CB6A06508BB}.Release|Any CPU.ActiveCfg = Release|Any CPU
		{576E8C1F-9E0A-4C13-83C3-4CB6A06508BB}.Release|Any CPU.Build.0 = Release|Any CPU
		{0D46FB64-D0EB-44AE-A6EE-5C1FB714B181}.Debug|Any CPU.ActiveCfg = Debug|Any CPU
		{0D46FB64-D0EB-44AE-A6EE-5C1FB714B181}.Debug|Any CPU.Build.0 = Debug|Any CPU
		{0D46FB64-D0EB-44AE-A6EE-5C1FB714B181}.Release|Any CPU.ActiveCfg = Release|Any CPU
		{0D46FB64-D0EB-44AE-A6EE-5C1FB714B181}.Release|Any CPU.Build.0 = Release|Any CPU
		{C17347C3-6C26-49A8-ACF6-4916D982F369}.Debug|Any CPU.ActiveCfg = Debug|Any CPU
		{C17347C3-6C26-49A8-ACF6-4916D982F369}.Debug|Any CPU.Build.0 = Debug|Any CPU
		{C17347C3-6C26-49A8-ACF6-4916D982F369}.Release|Any CPU.ActiveCfg = Release|Any CPU
		{C17347C3-6C26-49A8-ACF6-4916D982F369}.Release|Any CPU.Build.0 = Release|Any CPU
		{0AAEAE21-8025-461C-BEC3-9A88534F5EAF}.Debug|Any CPU.ActiveCfg = Debug|Any CPU
		{0AAEAE21-8025-461C-BEC3-9A88534F5EAF}.Debug|Any CPU.Build.0 = Debug|Any CPU
		{0AAEAE21-8025-461C-BEC3-9A88534F5EAF}.Release|Any CPU.ActiveCfg = Release|Any CPU
		{0AAEAE21-8025-461C-BEC3-9A88534F5EAF}.Release|Any CPU.Build.0 = Release|Any CPU
		{61A207BF-91B7-48AE-AEFE-733B07D69E22}.Debug|Any CPU.ActiveCfg = Debug|Any CPU
		{61A207BF-91B7-48AE-AEFE-733B07D69E22}.Debug|Any CPU.Build.0 = Debug|Any CPU
		{61A207BF-91B7-48AE-AEFE-733B07D69E22}.Release|Any CPU.ActiveCfg = Release|Any CPU
		{61A207BF-91B7-48AE-AEFE-733B07D69E22}.Release|Any CPU.Build.0 = Release|Any CPU
		{A2DD5C7A-3A40-4114-9442-7B6FD2553FF2}.Debug|Any CPU.ActiveCfg = Debug|Any CPU
		{A2DD5C7A-3A40-4114-9442-7B6FD2553FF2}.Debug|Any CPU.Build.0 = Debug|Any CPU
		{A2DD5C7A-3A40-4114-9442-7B6FD2553FF2}.Release|Any CPU.ActiveCfg = Release|Any CPU
		{A2DD5C7A-3A40-4114-9442-7B6FD2553FF2}.Release|Any CPU.Build.0 = Release|Any CPU
		{D715DE1E-3766-4987-B7D2-BA6014ADAEB2}.Debug|Any CPU.ActiveCfg = Debug|Any CPU
		{D715DE1E-3766-4987-B7D2-BA6014ADAEB2}.Debug|Any CPU.Build.0 = Debug|Any CPU
		{D715DE1E-3766-4987-B7D2-BA6014ADAEB2}.Release|Any CPU.ActiveCfg = Release|Any CPU
		{D715DE1E-3766-4987-B7D2-BA6014ADAEB2}.Release|Any CPU.Build.0 = Release|Any CPU
	EndGlobalSection
	GlobalSection(NestedProjects) = preSolution
	EndGlobalSection
EndGlobal
